
Microsoft Visual Studio Solution File, Format Version 12.00
# Visual Studio Version 17
VisualStudioVersion = 17.4.33213.308
MinimumVisualStudioVersion = 10.0.40219.1
Project("{9A19103F-16F7-4668-BE54-9A1E7A4F7556}") = "BulkyBookWeb", "BulkyBookWeb\BulkyBookWeb.csproj", "{0C64C83C-CEB7-494E-AE2F-900D9C36FBF3}"
EndProject
Project("{FAE04EC0-301F-11D3-BF4B-00C04F79EFBC}") = "BulkyBook.DataAccess", "BulkyBook.DataAccess\BulkyBook.DataAccess.csproj", "{71836D8D-FF0E-4D83-859E-E256268B9F08}"
EndProject
Project("{FAE04EC0-301F-11D3-BF4B-00C04F79EFBC}") = "BulkyBook.Models", "BulkyBook.Models\BulkyBook.Models.csproj", "{CE2E7FA2-43D1-4E59-AFDE-3480F7E7E014}"
EndProject
Project("{FAE04EC0-301F-11D3-BF4B-00C04F79EFBC}") = "BulkyBook.Utility", "BulkyBook.Utility\BulkyBook.Utility.csproj", "{3C6F1B8C-A24D-4FC7-8C7F-464AFFA14C02}"
EndProject
Global
	GlobalSection(SolutionConfigurationPlatforms) = preSolution
		Debug|Any CPU = Debug|Any CPU
		Release|Any CPU = Release|Any CPU
	EndGlobalSection
	GlobalSection(ProjectConfigurationPlatforms) = postSolution
		{0C64C83C-CEB7-494E-AE2F-900D9C36FBF3}.Debug|Any CPU.ActiveCfg = Debug|Any CPU
		{0C64C83C-CEB7-494E-AE2F-900D9C36FBF3}.Debug|Any CPU.Build.0 = Debug|Any CPU
		{0C64C83C-CEB7-494E-AE2F-900D9C36FBF3}.Release|Any CPU.ActiveCfg = Release|Any CPU
		{0C64C83C-CEB7-494E-AE2F-900D9C36FBF3}.Release|Any CPU.Build.0 = Release|Any CPU
		{71836D8D-FF0E-4D83-859E-E256268B9F08}.Debug|Any CPU.ActiveCfg = Debug|Any CPU
		{71836D8D-FF0E-4D83-859E-E256268B9F08}.Debug|Any CPU.Build.0 = Debug|Any CPU
		{71836D8D-FF0E-4D83-859E-E256268B9F08}.Release|Any CPU.ActiveCfg = Release|Any CPU
		{71836D8D-FF0E-4D83-859E-E256268B9F08}.Release|Any CPU.Build.0 = Release|Any CPU
		{CE2E7FA2-43D1-4E59-AFDE-3480F7E7E014}.Debug|Any CPU.ActiveCfg = Debug|Any CPU
		{CE2E7FA2-43D1-4E59-AFDE-3480F7E7E014}.Debug|Any CPU.Build.0 = Debug|Any CPU
		{CE2E7FA2-43D1-4E59-AFDE-3480F7E7E014}.Release|Any CPU.ActiveCfg = Release|Any CPU
		{CE2E7FA2-43D1-4E59-AFDE-3480F7E7E014}.Release|Any CPU.Build.0 = Release|Any CPU
		{3C6F1B8C-A24D-4FC7-8C7F-464AFFA14C02}.Debug|Any CPU.ActiveCfg = Debug|Any CPU
		{3C6F1B8C-A24D-4FC7-8C7F-464AFFA14C02}.Debug|Any CPU.Build.0 = Debug|Any CPU
		{3C6F1B8C-A24D-4FC7-8C7F-464AFFA14C02}.Release|Any CPU.ActiveCfg = Release|Any CPU
		{3C6F1B8C-A24D-4FC7-8C7F-464AFFA14C02}.Release|Any CPU.Build.0 = Release|Any CPU
	EndGlobalSection
	GlobalSection(SolutionProperties) = preSolution
		HideSolutionNode = FALSE
	EndGlobalSection
	GlobalSection(ExtensibilityGlobals) = postSolution
		SolutionGuid = {960ADF6A-9C02-40F4-987D-9BD9FBB2BA96}
	EndGlobalSection
EndGlobal
